Microsoft Visual Studio Solution File, Format Version 12.00
# Visual Studio Version 17
VisualStudioVersion = 17.5.2.0
MinimumVisualStudioVersion = 10.0.40219.1
Project("{FAE04EC0-301F-11D3-BF4B-00C04F79EFBC}") = "Fizzle", "Fizzle.csproj", "{45E619A4-163C-F0C1-BF4A-AF52413CBE1A}"
EndProject
Global
	GlobalSection(SolutionConfigurationPlatforms) = preSolution
		Debug|Any CPU = Debug|Any CPU
		Release|Any CPU = Release|Any CPU
	EndGlobalSection
	GlobalSection(ProjectConfigurationPlatforms) = postSolution
		{45E619A4-163C-F0C1-BF4A-AF52413CBE1A}.Debug|Any CPU.ActiveCfg = Debug|Any CPU
		{45E619A4-163C-F0C1-BF4A-AF52413CBE1A}.Debug|Any CPU.Build.0 = Debug|Any CPU
		{45E619A4-163C-F0C1-BF4A-AF52413CBE1A}.Release|Any CPU.ActiveCfg = Release|Any CPU
		{45E619A4-163C-F0C1-BF4A-AF52413CBE1A}.Release|Any CPU.Build.0 = Release|Any CPU
	EndGlobalSection
	GlobalSection(SolutionProperties) = preSolution
		HideSolutionNode = FALSE
	EndGlobalSection
	GlobalSection(ExtensibilityGlobals) = postSolution
		SolutionGuid = {DCBAF146-314E-4D7D-A594-0ED118800CC9}
	EndGlobalSection
EndGlobal
